
Microsoft Visual Studio Solution File, Format Version 12.00
# Visual Studio 14
VisualStudioVersion = 14.0.25123.0
MinimumVisualStudioVersion = 10.0.40219.1
Project("{FAE04EC0-301F-11D3-BF4B-00C04F79EFBC}") = "LogicPuzzleGame", "LogicPuzzleGame.csproj", "{38EFB992-98E0-4BF0-9301-5D898235C49A}"
EndProject
Project("{FAE04EC0-301F-11D3-BF4B-00C04F79EFBC}") = "LogicPuzzleGameTestProject", "..\LogicPuzzleGameTestProject\LogicPuzzleGameTestProject.csproj", "{4D9DAAED-EB66-4CD9-AD56-D3B4115BB895}"
EndProject
Global
	GlobalSection(SolutionConfigurationPlatforms) = preSolution
		Debug|Any CPU = Debug|Any CPU
		Release|Any CPU = Release|Any CPU
	EndGlobalSection
	GlobalSection(ProjectConfigurationPlatforms) = postSolution
		{38EFB992-98E0-4BF0-9301-5D898235C49A}.Debug|Any CPU.ActiveCfg = Debug|Any CPU
		{38EFB992-98E0-4BF0-9301-5D898235C49A}.Debug|Any CPU.Build.0 = Debug|Any CPU
		{38EFB992-98E0-4BF0-9301-5D898235C49A}.Release|Any CPU.ActiveCfg = Release|Any CPU
		{38EFB992-98E0-4BF0-9301-5D898235C49A}.Release|Any CPU.Build.0 = Release|Any CPU
		{4D9DAAED-EB66-4CD9-AD56-D3B4115BB895}.Debug|Any CPU.ActiveCfg = Debug|Any CPU
		{4D9DAAED-EB66-4CD9-AD56-D3B4115BB895}.Debug|Any CPU.Build.0 = Debug|Any CPU
		{4D9DAAED-EB66-4CD9-AD56-D3B4115BB895}.Release|Any CPU.ActiveCfg = Release|Any CPU
		{4D9DAAED-EB66-4CD9-AD56-D3B4115BB895}.Release|Any CPU.Build.0 = Release|Any CPU
	EndGlobalSection
	GlobalSection(SolutionProperties) = preSolution
		HideSolutionNode = FALSE
	EndGlobalSection
EndGlobal
